
Microsoft Visual Studio Solution File, Format Version 12.00
# Visual Studio Version 17
VisualStudioVersion = 17.14.36915.13
MinimumVisualStudioVersion = 10.0.40219.1
Project("{FAE04EC0-301F-11D3-BF4B-00C04F79EFBC}") = "FMLab.Aspnet.CleanArchitecture.Application", "FMLab.Aspnet.CleanArchitecture.Application\FMLab.Aspnet.CleanArchitecture.Application.csproj", "{6B93E5E3-D6CD-46A3-AD40-A2DCA1481ABE}"
EndProject
Project("{FAE04EC0-301F-11D3-BF4B-00C04F79EFBC}") = "FMLab.Aspnet.CleanArchitecture.Infrastructure", "FMLab.Aspnet.CleanArchitecture.Infrastructure\FMLab.Aspnet.CleanArchitecture.Infrastructure.csproj", "{5FC98F06-A91F-4A11-A381-8EF208F4BB6B}"
EndProject
Project("{FAE04EC0-301F-11D3-BF4B-00C04F79EFBC}") = "FMLab.Aspnet.CleanArchitecture.Api", "FMLab.Aspnet.CleanArchitecture.Api\FMLab.Aspnet.CleanArchitecture.Api.csproj", "{7B6CDF5C-2407-E749-4B44-2093C2522281}"
EndProject
Project("{FAE04EC0-301F-11D3-BF4B-00C04F79EFBC}") = "FMLab.Aspnet.CleanArchitecture.Domain", "FMLab.Aspnet.CleanArchitecture.Domain\FMLab.Aspnet.CleanArchitecture.Domain.csproj", "{4A1EBEDC-B77D-7CFB-DB5C-C3108F1AC520}"
EndProject
Project("{2150E333-8FDC-42A3-9474-1A3956D46DE8}") = "Solution Items", "Solution Items", "{02EA681E-C7D8-13C7-8484-4AC65E1B71E8}"
	ProjectSection(SolutionItems) = preProject
		.editorconfig = .editorconfig
	EndProjectSection
EndProject
Global
	GlobalSection(SolutionConfigurationPlatforms) = preSolution
		Debug|Any CPU = Debug|Any CPU
		Release|Any CPU = Release|Any CPU
	EndGlobalSection
	GlobalSection(ProjectConfigurationPlatforms) = postSolution
		{6B93E5E3-D6CD-46A3-AD40-A2DCA1481ABE}.Debug|Any CPU.ActiveCfg = Debug|Any CPU
		{6B93E5E3-D6CD-46A3-AD40-A2DCA1481ABE}.Debug|Any CPU.Build.0 = Debug|Any CPU
		{6B93E5E3-D6CD-46A3-AD40-A2DCA1481ABE}.Release|Any CPU.ActiveCfg = Release|Any CPU
		{6B93E5E3-D6CD-46A3-AD40-A2DCA1481ABE}.Release|Any CPU.Build.0 = Release|Any CPU
		{5FC98F06-A91F-4A11-A381-8EF208F4BB6B}.Debug|Any CPU.ActiveCfg = Debug|Any CPU
		{5FC98F06-A91F-4A11-A381-8EF208F4BB6B}.Debug|Any CPU.Build.0 = Debug|Any CPU
		{5FC98F06-A91F-4A11-A381-8EF208F4BB6B}.Release|Any CPU.ActiveCfg = Release|Any CPU
		{5FC98F06-A91F-4A11-A381-8EF208F4BB6B}.Release|Any CPU.Build.0 = Release|Any CPU
		{7B6CDF5C-2407-E749-4B44-2093C2522281}.Debug|Any CPU.ActiveCfg = Debug|Any CPU
		{7B6CDF5C-2407-E749-4B44-2093C2522281}.Debug|Any CPU.Build.0 = Debug|Any CPU
		{7B6CDF5C-2407-E749-4B44-2093C2522281}.Release|Any CPU.ActiveCfg = Release|Any CPU
		{7B6CDF5C-2407-E749-4B44-2093C2522281}.Release|Any CPU.Build.0 = Release|Any CPU
		{4A1EBEDC-B77D-7CFB-DB5C-C3108F1AC520}.Debug|Any CPU.ActiveCfg = Debug|Any CPU
		{4A1EBEDC-B77D-7CFB-DB5C-C3108F1AC520}.Debug|Any CPU.Build.0 = Debug|Any CPU
		{4A1EBEDC-B77D-7CFB-DB5C-C3108F1AC520}.Release|Any CPU.ActiveCfg = Release|Any CPU
		{4A1EBEDC-B77D-7CFB-DB5C-C3108F1AC520}.Release|Any CPU.Build.0 = Release|Any CPU
	EndGlobalSection
	GlobalSection(SolutionProperties) = preSolution
		HideSolutionNode = FALSE
	EndGlobalSection
	GlobalSection(ExtensibilityGlobals) = postSolution
		SolutionGuid = {8C032569-CB4F-4FA3-A665-286565B65C21}
	EndGlobalSection
EndGlobal
